<?xml version="1.0" encoding="utf-8"?>
<Project ToolsVersion="4.0" xmlns="http://schemas.microsoft.com/developer/msbuild/2003">
  <ItemGroup>
    <ClCompile Include="FBX.cpp" />
    <ClCompile Include="stdafx.cpp" />
    <ClCompile Include="GetPosition.cxx" />
    <ClCompile Include="WriteAnim.cpp" />
    <ClCompile Include="WriteModel.cpp" />
  </ItemGroup>
  <ItemGroup>
    <ClInclude Include="FBX.h" />
    <ClInclude Include="FBXUtil.h" />
    <ClInclude Include="stdafx.h" />
    <ClInclude Include="GetPosition.h" />
    <ClInclude Include="IndexList.h" />
    <ClInclude Include="KeyFrameList.h" />
    <ClInclude Include="VertInsertionList.h" />
    <ClInclude Include="WriteAnim.h" />
    <ClInclude Include="WriteModel.h" />
  </ItemGroup>
</Project>